{
  "name": "@baijimu/connector-codex",
  "version": "1.2.62",
  "lockfileVersion": 3,
  "requires": true,
  "packages": {
    "": {
      "name": "@baijimu/connector-codex",
      "version": "1.2.62",
      "license": "MIT",
      "bin": {
        "baijimu-connector-codex": "bin/baijimu-connector-codex.js"
      },
      "engines": {
        "node": ">=18"
      }
    }
  }
}
